// !$*UTF8*$!
{
	archiveVersion = 1;
	classes = {
	};
	objectVersion = 56;
	objects = {

/* Begin PBXBuildFile section */
		BDAA9E552C597D9E000352E9 /* PracticeMapApp.swift in Sources */ = {isa = PBXBuildFile; fileRef = BDAA9E542C597D9E000352E9 /* PracticeMapApp.swift */; };
		BDAA9E572C597D9E000352E9 /* ContentView.swift in Sources */ = {isa = PBXBuildFile; fileRef = BDAA9E562C597D9E000352E9 /* ContentView.swift */; };
		BDAA9E592C597DAA000352E9 /* Assets.xcassets in Resources */ = {isa = PBXBuildFile; fileRef = BDAA9E582C597DAA000352E9 /* Assets.xcassets */; };
		BDAA9E5C2C597DAA000352E9 /* Preview Assets.xcassets in Resources */ = {isa = PBXBuildFile; fileRef = BDAA9E5B2C597DAA000352E9 /* Preview Assets.xcassets */; };
		BDAA9E662C597DAB000352E9 /* PracticeMapTests.swift in Sources */ = {isa = PBXBuildFile; fileRef = BDAA9E652C597DAB000352E9 /* PracticeMapTests.swift */; };
		BDAA9E702C597DAB000352E9 /* PracticeMapUITests.swift in Sources */ = {isa = PBXBuildFile; fileRef = BDAA9E6F2C597DAB000352E9 /* PracticeMapUITests.swift */; };
		BDAA9E722C597DAB000352E9 /* PracticeMapUITestsLaunchTests.swift in Sources */ = {isa = PBXBuildFile; fileRef = BDAA9E712C597DAB000352E9 /* PracticeMapUITestsLaunchTests.swift */; };
/* End PBXBuildFile section */

/* Begin PBXContainerItemProxy section */
		BDAA9E622C597DAB000352E9 /* PBXContainerItemProxy */ = {
			isa = PBXContainerItemProxy;
			containerPortal = BDAA9E492C597D9E000352E9 /* Project object */;
			proxyType = 1;
			remoteGlobalIDString = BDAA9E502C597D9E000352E9;
			remoteInfo = PracticeMap;
		};
		BDAA9E6C2C597DAB000352E9 /* PBXContainerItemProxy */ = {
			isa = PBXContainerItemProxy;
			containerPortal = BDAA9E492C597D9E000352E9 /* Project object */;
			proxyType = 1;
			remoteGlobalIDString = BDAA9E502C597D9E000352E9;
			remoteInfo = PracticeMap;
		};
/* End PBXContainerItemProxy section */

/* Begin PBXFileReference section */
		BDAA9E512C597D9E000352E9 /* PracticeMap.app */ = {isa = PBXFileReference; explicitFileType = wrapper.application; includeInIndex = 0; path = PracticeMap.app; sourceTree = BUILT_PRODUCTS_DIR; };
		BDAA9E542C597D9E000352E9 /* PracticeMapApp.swift */ = {isa = PBXFileReference; lastKnownFileType = sourcecode.swift; path = PracticeMapApp.swift; sourceTree = "<group>"; };
		BDAA9E562C597D9E000352E9 /* ContentView.swift */ = {isa = PBXFileReference; lastKnownFileType = sourcecode.swift; path = ContentView.swift; sourceTree = "<group>"; };
		BDAA9E582C597DAA000352E9 /* Assets.xcassets */ = {isa = PBXFileReference; lastKnownFileType = folder.assetcatalog; path = Assets.xcassets; sourceTree = "<group>"; };
		BDAA9E5B2C597DAA000352E9 /* Preview Assets.xcassets */ = {isa = PBXFileReference; lastKnownFileType = folder.assetcatalog; path = "Preview Assets.xcassets"; sourceTree = "<group>"; };
		BDAA9E612C597DAB000352E9 /* PracticeMapTests.xctest */ = {isa = PBXFileReference; explicitFileType = wrapper.cfbundle; includeInIndex = 0; path = PracticeMapTests.xctest; sourceTree = BUILT_PRODUCTS_DIR; };
		BDAA9E652C597DAB000352E9 /* PracticeMapTests.swift */ = {isa = PBXFileReference; lastKnownFileType = sourcecode.swift; path = PracticeMapTests.swift; sourceTree = "<group>"; };
		BDAA9E6B2C597DAB000352E9 /* PracticeMapUITests.xctest */ = {isa = PBXFileReference; explicitFileType = wrapper.cfbundle; includeInIndex = 0; path = PracticeMapUITests.xctest; sourceTree = BUILT_PRODUCTS_DIR; };
		BDAA9E6F2C597DAB000352E9 /* PracticeMapUITests.swift */ = {isa = PBXFileReference; lastKnownFileType = sourcecode.swift; path = PracticeMapUITests.swift; sourceTree = "<group>"; };
		BDAA9E712C597DAB000352E9 /* PracticeMapUITestsLaunchTests.swift */ = {isa = PBXFileReference; lastKnownFileType = sourcecode.swift; path = PracticeMapUITestsLaunchTests.swift; sourceTree = "<group>"; };
/* End PBXFileReference section */

/* Begin PBXFrameworksBuildPhase section */
		BDAA9E4E2C597D9E000352E9 /* Frameworks */ = {
			isa = PBXFrameworksBuildPhase;
			buildActionMask = 2147483647;
			files = (
			);
			runOnlyForDeploymentPostprocessing = 0;
		};
		BDAA9E5E2C597DAB000352E9 /* Frameworks */ = {
			isa = PBXFrameworksBuildPhase;
			buildActionMask = 2147483647;
			files = (
			);
			runOnlyForDeploymentPostprocessing = 0;
		};
		BDAA9E682C597DAB000352E9 /* Frameworks */ = {
			isa = PBXFrameworksBuildPhase;
			buildActionMask = 2147483647;
			files = (
			);
			runOnlyForDeploymentPostprocessing = 0;
		};
/* End PBXFrameworksBuildPhase section */

/* Begin PBXGroup section */
		BDAA9E482C597D9E000352E9 = {
			isa = PBXGroup;
			children = (
				BDAA9E532C597D9E000352E9 /* PracticeMap */,
				BDAA9E642C597DAB000352E9 /* PracticeMapTests */,
				BDAA9E6E2C597DAB000352E9 /* PracticeMapUITests */,
				BDAA9E522C597D9E000352E9 /* Products */,
			);
			sourceTree = "<group>";
		};
		BDAA9E522C597D9E000352E9 /* Products */ = {
			isa = PBXGroup;
			children = (
				BDAA9E512C597D9E000352E9 /* PracticeMap.app */,
				BDAA9E612C597DAB000352E9 /* PracticeMapTests.xctest */,
				BDAA9E6B2C597DAB000352E9 /* PracticeMapUITests.xctest */,
			);
			name = Products;
			sourceTree = "<group>";
		};
		BDAA9E532C597D9E000352E9 /* PracticeMap */ = {
			isa = PBXGroup;
			children = (
				BDAA9E542C597D9E000352E9 /* PracticeMapApp.swift */,
				BDAA9E562C597D9E000352E9 /* ContentView.swift */,
				BDAA9E582C597DAA000352E9 /* Assets.xcassets */,
				BDAA9E5A2C597DAA000352E9 /* Preview Content */,
			);
			path = PracticeMap;
			sourceTree = "<group>";
		};
		BDAA9E5A2C597DAA000352E9 /* Preview Content */ = {
			isa = PBXGroup;
			children = (
				BDAA9E5B2C597DAA000352E9 /* Preview Assets.xcassets */,
			);
			path = "Preview Content";
			sourceTree = "<group>";
		};
		BDAA9E642C597DAB000352E9 /* PracticeMapTests */ = {
			isa = PBXGroup;
			children = (
				BDAA9E652C597DAB000352E9 /* PracticeMapTests.swift */,
			);
			path = PracticeMapTests;
			sourceTree = "<group>";
		};
		BDAA9E6E2C597DAB000352E9 /* PracticeMapUITests */ = {
			isa = PBXGroup;
			children = (
				BDAA9E6F2C597DAB000352E9 /* PracticeMapUITests.swift */,
				BDAA9E712C597DAB000352E9 /* PracticeMapUITestsLaunchTests.swift */,
			);
			path = PracticeMapUITests;
			sourceTree = "<group>";
		};
/* End PBXGroup section */

/* Begin PBXNativeTarget section */
		BDAA9E502C597D9E000352E9 /* PracticeMap */ = {
			isa = PBXNativeTarget;
			buildConfigurationList = BDAA9E752C597DAB000352E9 /* Build configuration list for PBXNativeTarget "PracticeMap" */;
			buildPhases = (
				BDAA9E4D2C597D9E000352E9 /* Sources */,
				BDAA9E4E2C597D9E000352E9 /* Frameworks */,
				BDAA9E4F2C597D9E000352E9 /* Resources */,
			);
			buildRules = (
			);
			dependencies = (
			);
			name = PracticeMap;
			productName = PracticeMap;
			productReference = BDAA9E512C597D9E000352E9 /* PracticeMap.app */;
			productType = "com.apple.product-type.application";
		};
		BDAA9E602C597DAB000352E9 /* PracticeMapTests */ = {
			isa = PBXNativeTarget;
			buildConfigurationList = BDAA9E782C597DAB000352E9 /* Build configuration list for PBXNativeTarget "PracticeMapTests" */;
			buildPhases = (
				BDAA9E5D2C597DAB000352E9 /* Sources */,
				BDAA9E5E2C597DAB000352E9 /* Frameworks */,
				BDAA9E5F2C597DAB000352E9 /* Resources */,
			);
			buildRules = (
			);
			dependencies = (
				BDAA9E632C597DAB000352E9 /* PBXTargetDependency */,
			);
			name = PracticeMapTests;
			productName = PracticeMapTests;
			productReference = BDAA9E612C597DAB000352E9 /* PracticeMapTests.xctest */;
			productType = "com.apple.product-type.bundle.unit-test";
		};
		BDAA9E6A2C597DAB000352E9 /* PracticeMapUITests */ = {
			isa = PBXNativeTarget;
			buildConfigurationList = BDAA9E7B2C597DAB000352E9 /* Build configuration list for PBXNativeTarget "PracticeMapUITests" */;
			buildPhases = (
				BDAA9E672C597DAB000352E9 /* Sources */,
				BDAA9E682C597DAB000352E9 /* Frameworks */,
				BDAA9E692C597DAB000352E9 /* Resources */,
			);
			buildRules = (
			);
			dependencies = (
				BDAA9E6D2C597DAB000352E9 /* PBXTargetDependency */,
			);
			name = PracticeMapUITests;
			productName = PracticeMapUITests;
			productReference = BDAA9E6B2C597DAB000352E9 /* PracticeMapUITests.xctest */;
			productType = "com.apple.product-type.bundle.ui-testing";
		};
/* End PBXNativeTarget section */

/* Begin PBXProject section */
		BDAA9E492C597D9E000352E9 /* Project object */ = {
			isa = PBXProject;
			attributes = {
				BuildIndependentTargetsInParallel = 1;
				LastSwiftUpdateCheck = 1540;
				LastUpgradeCheck = 1540;
				TargetAttributes = {
					BDAA9E502C597D9E000352E9 = {
						CreatedOnToolsVersion = 15.4;
					};
					BDAA9E602C597DAB000352E9 = {
						CreatedOnToolsVersion = 15.4;
						TestTargetID = BDAA9E502C597D9E000352E9;
					};
					BDAA9E6A2C597DAB000352E9 = {
						CreatedOnToolsVersion = 15.4;
						TestTargetID = BDAA9E502C597D9E000352E9;
					};
				};
			};
			buildConfigurationList = BDAA9E4C2C597D9E000352E9 /* Build configuration list for PBXProject "PracticeMap" */;
			compatibilityVersion = "Xcode 14.0";
			developmentRegion = en;
			hasScannedForEncodings = 0;
			knownRegions = (
				en,
				Base,
			);
			mainGroup = BDAA9E482C597D9E000352E9;
			productRefGroup = BDAA9E522C597D9E000352E9 /* Products */;
			projectDirPath = "";
			projectRoot = "";
			targets = (
				BDAA9E502C597D9E000352E9 /* PracticeMap */,
				BDAA9E602C597DAB000352E9 /* PracticeMapTests */,
				BDAA9E6A2C597DAB000352E9 /* PracticeMapUITests */,
			);
		};
/* End PBXProject section */

/* Begin PBXResourcesBuildPhase section */
		BDAA9E4F2C597D9E000352E9 /* Resources */ = {
			isa = PBXResourcesBuildPhase;
			buildActionMask = 2147483647;
			files = (
				BDAA9E5C2C597DAA000352E9 /* Preview Assets.xcassets in Resources */,
				BDAA9E592C597DAA000352E9 /* Assets.xcassets in Resources */,
			);
			runOnlyForDeploymentPostprocessing = 0;
		};
		BDAA9E5F2C597DAB000352E9 /* Resources */ = {
			isa = PBXResourcesBuildPhase;
			buildActionMask = 2147483647;
			files = (
			);
			runOnlyForDeploymentPostprocessing = 0;
		};
		BDAA9E692C597DAB000352E9 /* Resources */ = {
			isa = PBXResourcesBuildPhase;
			buildActionMask = 2147483647;
			files = (
			);
			runOnlyForDeploymentPostprocessing = 0;
		};
/* End PBXResourcesBuildPhase section */

/* Begin PBXSourcesBuildPhase section */
		BDAA9E4D2C597D9E000352E9 /* Sources */ = {
			isa = PBXSourcesBuildPhase;
			buildActionMask = 2147483647;
			files = (
				BDAA9E572C597D9E000352E9 /* ContentView.swift in Sources */,
				BDAA9E552C597D9E000352E9 /* PracticeMapApp.swift in Sources */,
			);
			runOnlyForDeploymentPostprocessing = 0;
		};
		BDAA9E5D2C597DAB000352E9 /* Sources */ = {
			isa = PBXSourcesBuildPhase;
			buildActionMask = 2147483647;
			files = (
				BDAA9E662C597DAB000352E9 /* PracticeMapTests.swift in Sources */,
			);
			runOnlyForDeploymentPostprocessing = 0;
		};
		BDAA9E672C597DAB000352E9 /* Sources */ = {
			isa = PBXSourcesBuildPhase;
			buildActionMask = 2147483647;
			files = (
				BDAA9E722C597DAB000352E9 /* PracticeMapUITestsLaunchTests.swift in Sources */,
				BDAA9E702C597DAB000352E9 /* PracticeMapUITests.swift in Sources */,
			);
			runOnlyForDeploymentPostprocessing = 0;
		};
/* End PBXSourcesBuildPhase section */

/* Begin PBXTargetDependency section */
		BDAA9E632C597DAB000352E9 /* PBXTargetDependency */ = {
			isa = PBXTargetDependency;
			target = BDAA9E502C597D9E000352E9 /* PracticeMap */;
			targetProxy = BDAA9E622C597DAB000352E9 /* PBXContainerItemProxy */;
		};
		BDAA9E6D2C597DAB000352E9 /* PBXTargetDependency */ = {
			isa = PBXTargetDependency;
			target = BDAA9E502C597D9E000352E9 /* PracticeMap */;
			targetProxy = BDAA9E6C2C597DAB000352E9 /* PBXContainerItemProxy */;
		};
/* End PBXTargetDependency section */

/* Begin XCBuildConfiguration section */
		BDAA9E732C597DAB000352E9 /* Debug */ = {
			isa = XCBuildConfiguration;
			buildSettings = {
				ALWAYS_SEARCH_USER_PATHS = NO;
				ASSETCATALOG_COMPILER_GENERATE_SWIFT_ASSET_SYMBOL_EXTENSIONS = YES;
				CLANG_ANALYZER_NONNULL = YES;
				CLANG_ANALYZER_NUMBER_OBJECT_CONVERSION = YES_AGGRESSIVE;
				CLANG_CXX_LANGUAGE_STANDARD = "gnu++20";
				CLANG_ENABLE_MODULES = YES;
				CLANG_ENABLE_OBJC_ARC = YES;
				CLANG_ENABLE_OBJC_WEAK = YES;
				CLANG_WARN_BLOCK_CAPTURE_AUTORELEASING = YES;
				CLANG_WARN_BOOL_CONVERSION = YES;
				CLANG_WARN_COMMA = YES;
				CLANG_WARN_CONSTANT_CONVERSION = YES;
				CLANG_WARN_DEPRECATED_OBJC_IMPLEMENTATIONS = YES;
				CLANG_WARN_DIRECT_OBJC_ISA_USAGE = YES_ERROR;
				CLANG_WARN_DOCUMENTATION_COMMENTS = YES;
				CLANG_WARN_EMPTY_BODY = YES;
				CLANG_WARN_ENUM_CONVERSION = YES;
				CLANG_WARN_INFINITE_RECURSION = YES;
				CLANG_WARN_INT_CONVERSION = YES;
				CLANG_WARN_NON_LITERAL_NULL_CONVERSION = YES;
				CLANG_WARN_OBJC_IMPLICIT_RETAIN_SELF = YES;
				CLANG_WARN_OBJC_LITERAL_CONVERSION = YES;
				CLANG_WARN_OBJC_ROOT_CLASS = YES_ERROR;
				CLANG_WARN_QUOTED_INCLUDE_IN_FRAMEWORK_HEADER = YES;
				CLANG_WARN_RANGE_LOOP_ANALYSIS = YES;
				CLANG_WARN_STRICT_PROTOTYPES = YES;
				CLANG_WARN_SUSPICIOUS_MOVE = YES;
				CLANG_WARN_UNGUARDED_AVAILABILITY = YES_AGGRESSIVE;
				CLANG_WARN_UNREACHABLE_CODE = YES;
				CLANG_WARN__DUPLICATE_METHOD_MATCH = YES;
				COPY_PHASE_STRIP = NO;
				DEBUG_INFORMATION_FORMAT = dwarf;
				ENABLE_STRICT_OBJC_MSGSEND = YES;
				ENABLE_TESTABILITY = YES;
				ENABLE_USER_SCRIPT_SANDBOXING = YES;
				GCC_C_LANGUAGE_STANDARD = gnu17;
				GCC_DYNAMIC_NO_PIC = NO;
				GCC_NO_COMMON_BLOCKS = YES;
				GCC_OPTIMIZATION_LEVEL = 0;
				GCC_PREPROCESSOR_DEFINITIONS = (
					"DEBUG=1",
					"$(inherited)",
				);
				GCC_WARN_64_TO_32_BIT_CONVERSION = YES;
				GCC_WARN_ABOUT_RETURN_TYPE = YES_ERROR;
				GCC_WARN_UNDECLARED_SELECTOR = YES;
				GCC_WARN_UNINITIALIZED_AUTOS = YES_AGGRESSIVE;
				GCC_WARN_UNUSED_FUNCTION = YES;
				GCC_WARN_UNUSED_VARIABLE = YES;
				IPHONEOS_DEPLOYMENT_TARGET = 17.5;
				LOCALIZATION_PREFERS_STRING_CATALOGS = YES;
				MTL_ENABLE_DEBUG_INFO = INCLUDE_SOURCE;
				MTL_FAST_MATH = YES;
				ONLY_ACTIVE_ARCH = YES;
				SDKROOT = iphoneos;
				SWIFT_ACTIVE_COMPILATION_CONDITIONS = "DEBUG $(inherited)";
				SWIFT_OPTIMIZATION_LEVEL = "-Onone";
			};
			name = Debug;
		};
		BDAA9E742C597DAB000352E9 /* Release */ = {
			isa = XCBuildConfiguration;
			buildSettings = {
				ALWAYS_SEARCH_USER_PATHS = NO;
				ASSETCATALOG_COMPILER_GENERATE_SWIFT_ASSET_SYMBOL_EXTENSIONS = YES;
				CLANG_ANALYZER_NONNULL = YES;
				CLANG_ANALYZER_NUMBER_OBJECT_CONVERSION = YES_AGGRESSIVE;
				CLANG_CXX_LANGUAGE_STANDARD = "gnu++20";
				CLANG_ENABLE_MODULES = YES;
				CLANG_ENABLE_OBJC_ARC = YES;
				CLANG_ENABLE_OBJC_WEAK = YES;
				CLANG_WARN_BLOCK_CAPTURE_AUTORELEASING = YES;
				CLANG_WARN_BOOL_CONVERSION = YES;
				CLANG_WARN_COMMA = YES;
				CLANG_WARN_CONSTANT_CONVERSION = YES;
				CLANG_WARN_DEPRECATED_OBJC_IMPLEMENTATIONS = YES;
				CLANG_WARN_DIRECT_OBJC_ISA_USAGE = YES_ERROR;
				CLANG_WARN_DOCUMENTATION_COMMENTS = YES;
				CLANG_WARN_EMPTY_BODY = YES;
				CLANG_WARN_ENUM_CONVERSION = YES;
				CLANG_WARN_INFINITE_RECURSION = YES;
				CLANG_WARN_INT_CONVERSION = YES;
				CLANG_WARN_NON_LITERAL_NULL_CONVERSION = YES;
				CLANG_WARN_OBJC_IMPLICIT_RETAIN_SELF = YES;
				CLANG_WARN_OBJC_LITERAL_CONVERSION = YES;
				CLANG_WARN_OBJC_ROOT_CLASS = YES_ERROR;
				CLANG_WARN_QUOTED_INCLUDE_IN_FRAMEWORK_HEADER = YES;
				CLANG_WARN_RANGE_LOOP_ANALYSIS = YES;
				CLANG_WARN_STRICT_PROTOTYPES = YES;
				CLANG_WARN_SUSPICIOUS_MOVE = YES;
				CLANG_WARN_UNGUARDED_AVAILABILITY = YES_AGGRESSIVE;
				CLANG_WARN_UNREACHABLE_CODE = YES;
				CLANG_WARN__DUPLICATE_METHOD_MATCH = YES;
				COPY_PHASE_STRIP = NO;
				DEBUG_INFORMATION_FORMAT = "dwarf-with-dsym";
				ENABLE_NS_ASSERTIONS = NO;
				ENABLE_STRICT_OBJC_MSGSEND = YES;
				ENABLE_USER_SCRIPT_SANDBOXING = YES;
				GCC_C_LANGUAGE_STANDARD = gnu17;
				GCC_NO_COMMON_BLOCKS = YES;
				GCC_WARN_64_TO_32_BIT_CONVERSION = YES;
				GCC_WARN_ABOUT_RETURN_TYPE = YES_ERROR;
				GCC_WARN_UNDECLARED_SELECTOR = YES;
				GCC_WARN_UNINITIALIZED_AUTOS = YES_AGGRESSIVE;
				GCC_WARN_UNUSED_FUNCTION = YES;
				GCC_WARN_UNUSED_VARIABLE = YES;
				IPHONEOS_DEPLOYMENT_TARGET = 17.5;
				LOCALIZATION_PREFERS_STRING_CATALOGS = YES;
				MTL_ENABLE_DEBUG_INFO = NO;
				MTL_FAST_MATH = YES;
				SDKROOT = iphoneos;
				SWIFT_COMPILATION_MODE = wholemodule;
				VALIDATE_PRODUCT = YES;
			};
			name = Release;
		};
		BDAA9E762C597DAB000352E9 /* Debug */ = {
			isa = XCBuildConfiguration;
			buildSettings = {
				ASSETCATALOG_COMPILER_APPICON_NAME = AppIcon;
				ASSETCATALOG_COMPILER_GLOBAL_ACCENT_COLOR_NAME = AccentColor;
				CODE_SIGN_STYLE = Automatic;
				CURRENT_PROJECT_VERSION = 1;
				DEVELOPMENT_ASSET_PATHS = "\"PracticeMap/Preview Content\"";
				DEVELOPMENT_TEAM = AHC35PLFL5;
				ENABLE_PREVIEWS = YES;
				GENERATE_INFOPLIST_FILE = YES;
				INFOPLIST_KEY_NSLocationWhenInUseUsageDescription = "We need to access your location to find nearby facilities.";
				INFOPLIST_KEY_UIApplicationSceneManifest_Generation = YES;
				INFOPLIST_KEY_UIApplicationSupportsIndirectInputEvents = YES;
				INFOPLIST_KEY_UILaunchScreen_Generation = YES;
				INFOPLIST_KEY_UISupportedInterfaceOrientations_iPad = "UIInterfaceOrientationPortrait UIInterfaceOrientationPortraitUpsideDown UIInterfaceOrientationLandscapeLeft UIInterfaceOrientationLandscapeRight";
				INFOPLIST_KEY_UISupportedInterfaceOrientations_iPhone = "UIInterfaceOrientationPortrait UIInterfaceOrientationLandscapeLeft UIInterfaceOrientationLandscapeRight";
				LD_RUNPATH_SEARCH_PATHS = (
					"$(inherited)",
					"@executable_path/Frameworks",
				);
				MARKETING_VERSION = 1.0;
				PRODUCT_BUNDLE_IDENTIFIER = kwk.PracticeMap;
				PRODUCT_NAME = "$(TARGET_NAME)";
				SWIFT_EMIT_LOC_STRINGS = YES;
				SWIFT_VERSION = 5.0;
				TARGETED_DEVICE_FAMILY = "1,2";
			};
			name = Debug;
		};
		BDAA9E772C597DAB000352E9 /* Release */ = {
			isa = XCBuildConfiguration;
			buildSettings = {
				ASSETCATALOG_COMPILER_APPICON_NAME = AppIcon;
				ASSETCATALOG_COMPILER_GLOBAL_ACCENT_COLOR_NAME = AccentColor;
				CODE_SIGN_STYLE = Automatic;
				CURRENT_PROJECT_VERSION = 1;
				DEVELOPMENT_ASSET_PATHS = "\"PracticeMap/Preview Content\"";
				DEVELOPMENT_TEAM = AHC35PLFL5;
				ENABLE_PREVIEWS = YES;
				GENERATE_INFOPLIST_FILE = YES;
				INFOPLIST_KEY_NSLocationWhenInUseUsageDescription = "We need to access your location to find nearby facilities.";
				INFOPLIST_KEY_UIApplicationSceneManifest_Generation = YES;
				INFOPLIST_KEY_UIApplicationSupportsIndirectInputEvents = YES;
				INFOPLIST_KEY_UILaunchScreen_Generation = YES;
				INFOPLIST_KEY_UISupportedInterfaceOrientations_iPad = "UIInterfaceOrientationPortrait UIInterfaceOrientationPortraitUpsideDown UIInterfaceOrientationLandscapeLeft UIInterfaceOrientationLandscapeRight";
				INFOPLIST_KEY_UISupportedInterfaceOrientations_iPhone = "UIInterfaceOrientationPortrait UIInterfaceOrientationLandscapeLeft UIInterfaceOrientationLandscapeRight";
				LD_RUNPATH_SEARCH_PATHS = (
					"$(inherited)",
					"@executable_path/Frameworks",
				);
				MARKETING_VERSION = 1.0;
				PRODUCT_BUNDLE_IDENTIFIER = kwk.PracticeMap;
				PRODUCT_NAME = "$(TARGET_NAME)";
				SWIFT_EMIT_LOC_STRINGS = YES;
				SWIFT_VERSION = 5.0;
				TARGETED_DEVICE_FAMILY = "1,2";
			};
			name = Release;
		};
		BDAA9E792C597DAB000352E9 /* Debug */ = {
			isa = XCBuildConfiguration;
			buildSettings = {
				ALWAYS_EMBED_SWIFT_STANDARD_LIBRARIES = YES;
				BUNDLE_LOADER = "$(TEST_HOST)";
				CODE_SIGN_STYLE = Automatic;
				CURRENT_PROJECT_VERSION = 1;
				DEVELOPMENT_TEAM = AHC35PLFL5;
				GENERATE_INFOPLIST_FILE = YES;
				IPHONEOS_DEPLOYMENT_TARGET = 17.5;
				MARKETING_VERSION = 1.0;
				PRODUCT_BUNDLE_IDENTIFIER = kwk.PracticeMapTests;
				PRODUCT_NAME = "$(TARGET_NAME)";
				SWIFT_EMIT_LOC_STRINGS = NO;
				SWIFT_VERSION = 5.0;
				TARGETED_DEVICE_FAMILY = "1,2";
				TEST_HOST = "$(BUILT_PRODUCTS_DIR)/PracticeMap.app/$(BUNDLE_EXECUTABLE_FOLDER_PATH)/PracticeMap";
			};
			name = Debug;
		};
		BDAA9E7A2C597DAB000352E9 /* Release */ = {
			isa = XCBuildConfiguration;
			buildSettings = {
				ALWAYS_EMBED_SWIFT_STANDARD_LIBRARIES = YES;
				BUNDLE_LOADER = "$(TEST_HOST)";
				CODE_SIGN_STYLE = Automatic;
				CURRENT_PROJECT_VERSION = 1;
				DEVELOPMENT_TEAM = AHC35PLFL5;
				GENERATE_INFOPLIST_FILE = YES;
				IPHONEOS_DEPLOYMENT_TARGET = 17.5;
				MARKETING_VERSION = 1.0;
				PRODUCT_BUNDLE_IDENTIFIER = kwk.PracticeMapTests;
				PRODUCT_NAME = "$(TARGET_NAME)";
				SWIFT_EMIT_LOC_STRINGS = NO;
				SWIFT_VERSION = 5.0;
				TARGETED_DEVICE_FAMILY = "1,2";
				TEST_HOST = "$(BUILT_PRODUCTS_DIR)/PracticeMap.app/$(BUNDLE_EXECUTABLE_FOLDER_PATH)/PracticeMap";
			};
			name = Release;
		};
		BDAA9E7C2C597DAB000352E9 /* Debug */ = {
			isa = XCBuildConfiguration;
			buildSettings = {
				ALWAYS_EMBED_SWIFT_STANDARD_LIBRARIES = YES;
				CODE_SIGN_STYLE = Automatic;
				CURRENT_PROJECT_VERSION = 1;
				DEVELOPMENT_TEAM = AHC35PLFL5;
				GENERATE_INFOPLIST_FILE = YES;
				MARKETING_VERSION = 1.0;
				PRODUCT_BUNDLE_IDENTIFIER = kwk.PracticeMapUITests;
				PRODUCT_NAME = "$(TARGET_NAME)";
				SWIFT_EMIT_LOC_STRINGS = NO;
				SWIFT_VERSION = 5.0;
				TARGETED_DEVICE_FAMILY = "1,2";
				TEST_TARGET_NAME = PracticeMap;
			};
			name = Debug;
		};
		BDAA9E7D2C597DAB000352E9 /* Release */ = {
			isa = XCBuildConfiguration;
			buildSettings = {
				ALWAYS_EMBED_SWIFT_STANDARD_LIBRARIES = YES;
				CODE_SIGN_STYLE = Automatic;
				CURRENT_PROJECT_VERSION = 1;
				DEVELOPMENT_TEAM = AHC35PLFL5;
				GENERATE_INFOPLIST_FILE = YES;
				MARKETING_VERSION = 1.0;
				PRODUCT_BUNDLE_IDENTIFIER = kwk.PracticeMapUITests;
				PRODUCT_NAME = "$(TARGET_NAME)";
				SWIFT_EMIT_LOC_STRINGS = NO;
				SWIFT_VERSION = 5.0;
				TARGETED_DEVICE_FAMILY = "1,2";
				TEST_TARGET_NAME = PracticeMap;
			};
			name = Release;
		};
/* End XCBuildConfiguration section */

/* Begin XCConfigurationList section */
		BDAA9E4C2C597D9E000352E9 /* Build configuration list for PBXProject "PracticeMap" */ = {
			isa = XCConfigurationList;
			buildConfigurations = (
				BDAA9E732C597DAB000352E9 /* Debug */,
				BDAA9E742C597DAB000352E9 /* Release */,
			);
			defaultConfigurationIsVisible = 0;
			defaultConfigurationName = Release;
		};
		BDAA9E752C597DAB000352E9 /* Build configuration list for PBXNativeTarget "PracticeMap" */ = {
			isa = XCConfigurationList;
			buildConfigurations = (
				BDAA9E762C597DAB000352E9 /* Debug */,
				BDAA9E772C597DAB000352E9 /* Release */,
			);
			defaultConfigurationIsVisible = 0;
			defaultConfigurationName = Release;
		};
		BDAA9E782C597DAB000352E9 /* Build configuration list for PBXNativeTarget "PracticeMapTests" */ = {
			isa = XCConfigurationList;
			buildConfigurations = (
				BDAA9E792C597DAB000352E9 /* Debug */,
				BDAA9E7A2C597DAB000352E9 /* Release */,
			);
			defaultConfigurationIsVisible = 0;
			defaultConfigurationName = Release;
		};
		BDAA9E7B2C597DAB000352E9 /* Build configuration list for PBXNativeTarget "PracticeMapUITests" */ = {
			isa = XCConfigurationList;
			buildConfigurations = (
				BDAA9E7C2C597DAB000352E9 /* Debug */,
				BDAA9E7D2C597DAB000352E9 /* Release */,
			);
			defaultConfigurationIsVisible = 0;
			defaultConfigurationName = Release;
		};
/* End XCConfigurationList section */
	};
	rootObject = BDAA9E492C597D9E000352E9 /* Project object */;
}
